
Microsoft Visual Studio Solution File, Format Version 12.00
# Visual Studio Version 17
VisualStudioVersion = 17.4.33213.308
MinimumVisualStudioVersion = 10.0.40219.1
Project("{FAE04EC0-301F-11D3-BF4B-00C04F79EFBC}") = "Projects", "TextToSpeechConverter\Projects.csproj", "{B2BD5998-6B5E-48D9-9CFE-FF9D11CED649}"
EndProject
Global
	GlobalSection(SolutionConfigurationPlatforms) = preSolution
		Debug|Any CPU = Debug|Any CPU
		Release|Any CPU = Release|Any CPU
	EndGlobalSection
	GlobalSection(ProjectConfigurationPlatforms) = postSolution
		{B2BD5998-6B5E-48D9-9CFE-FF9D11CED649}.Debug|Any CPU.ActiveCfg = Debug|Any CPU
		{B2BD5998-6B5E-48D9-9CFE-FF9D11CED649}.Debug|Any CPU.Build.0 = Debug|Any CPU
		{B2BD5998-6B5E-48D9-9CFE-FF9D11CED649}.Release|Any CPU.ActiveCfg = Release|Any CPU
		{B2BD5998-6B5E-48D9-9CFE-FF9D11CED649}.Release|Any CPU.Build.0 = Release|Any CPU
	EndGlobalSection
	GlobalSection(SolutionProperties) = preSolution
		HideSolutionNode = FALSE
	EndGlobalSection
	GlobalSection(ExtensibilityGlobals) = postSolution
		SolutionGuid = {E9773BFA-F620-474C-89CA-147E4B29ED09}
	EndGlobalSection
EndGlobal
